{
  "name": "nextjs-app",
  "version": "1.0.0",
  "lockfileVersion": 3,
  "requires": true,
  "packages": {
    "": {
      "name": "nextjs-app",
      "version": "1.0.0",
      "dependencies": {
        "next": "14.2.5",
        "react": "18.3.1",
        "react-dom": "18.3.1"
      }
    },
    "node_modules/@next/env": {
      "version": "14.2.5",
      "resolved": "https://registry.npmjs.org/@next/env/-/env-14.2.5.tgz",
      "integrity": "sha512-0",
      "license": "MIT"
    },
    "node_modules/caniuse-lite": {
      "version": "1.0.30001640",
      "resolved": "https://registry.npmjs.org/caniuse-lite/-/caniuse-lite-1.0.30001640.tgz",
      "integrity": "sha512-0",
      "license": "CC-BY-4.0"
    },
    "node_modules/next": {
      "version": "14.2.5",
      "resolved": "https://registry.npmjs.org/next/-/next-14.2.5.tgz",
      "integrity": "sha512-0",
      "license": "MIT",
      "dependencies": {
        "@next/env": "14.2.5",
        "caniuse-lite": "^1.0.30001579",
        "postcss": "8.4.31"
      },
      "peerDependencies": {
        "react": "^18.2.0",
        "react-dom": "^18.2.0"
      }
    },
    "node_modules/picomatch": {
      "version": "2.3.1",
      "resolved": "https://registry.npmjs.org/picomatch/-/picomatch-2.3.1.tgz",
      "integrity": "sha512-0",
      "license": "MIT"
    },
    "node_modules/postcss": {
      "version": "8.4.31",
      "resolved": "https://registry.npmjs.org/postcss/-/postcss-8.4.31.tgz",
      "integrity": "sha512-0",
      "license": "MIT",
      "dependencies": {
        "picomatch": "2.3.1"
      }
    },
    "node_modules/react": {
      "version": "18.3.1",
      "resolved": "https://registry.npmjs.org/react/-/react-18.3.1.tgz",
      "integrity": "sha512-0",
      "license": "MIT"
    },
    "node_modules/react-dom": {
      "version": "18.3.1",
      "resolved": "https://registry.npmjs.org/react-dom/-/react-dom-18.3.1.tgz",
      "integrity": "sha512-0",
      "license": "MIT",
      "peerDependencies": {
        "react": "^18.3.1"
      }
    }
  }
}
